
Microsoft Visual Studio Solution File, Format Version 11.00
# Visual Studio 2010
Project("{FAE04EC0-301F-11D3-BF4B-00C04F79EFBC}") = "Vinyl", "Vinyl\Vinyl.csproj", "{FC8B2571-CDA8-4C96-BEBD-407946B3AC8F}"
EndProject
Project("{FAE04EC0-301F-11D3-BF4B-00C04F79EFBC}") = "Vinyl.Transformer", "Vinyl.Transformer\Vinyl.Transformer.csproj", "{9A5A4BEA-5E22-4212-9628-380F5D7649E6}"
EndProject
Project("{FAE04EC0-301F-11D3-BF4B-00C04F79EFBC}") = "Vinyl.Tests", "Vinyl.Tests\Vinyl.Tests.csproj", "{45DC3133-23BD-47EC-B166-2963E4008FD1}"
EndProject
Global
	GlobalSection(SolutionConfigurationPlatforms) = preSolution
		Debug|Any CPU = Debug|Any CPU
		Release|Any CPU = Release|Any CPU
	EndGlobalSection
	GlobalSection(ProjectConfigurationPlatforms) = postSolution
		{45DC3133-23BD-47EC-B166-2963E4008FD1}.Debug|Any CPU.ActiveCfg = Debug|Any CPU
		{45DC3133-23BD-47EC-B166-2963E4008FD1}.Debug|Any CPU.Build.0 = Debug|Any CPU
		{45DC3133-23BD-47EC-B166-2963E4008FD1}.Release|Any CPU.ActiveCfg = Release|Any CPU
		{45DC3133-23BD-47EC-B166-2963E4008FD1}.Release|Any CPU.Build.0 = Release|Any CPU
		{9A5A4BEA-5E22-4212-9628-380F5D7649E6}.Debug|Any CPU.ActiveCfg = Debug|Any CPU
		{9A5A4BEA-5E22-4212-9628-380F5D7649E6}.Debug|Any CPU.Build.0 = Debug|Any CPU
		{9A5A4BEA-5E22-4212-9628-380F5D7649E6}.Release|Any CPU.ActiveCfg = Release|Any CPU
		{9A5A4BEA-5E22-4212-9628-380F5D7649E6}.Release|Any CPU.Build.0 = Release|Any CPU
		{FC8B2571-CDA8-4C96-BEBD-407946B3AC8F}.Debug|Any CPU.ActiveCfg = Debug|Any CPU
		{FC8B2571-CDA8-4C96-BEBD-407946B3AC8F}.Debug|Any CPU.Build.0 = Debug|Any CPU
		{FC8B2571-CDA8-4C96-BEBD-407946B3AC8F}.Release|Any CPU.ActiveCfg = Release|Any CPU
		{FC8B2571-CDA8-4C96-BEBD-407946B3AC8F}.Release|Any CPU.Build.0 = Release|Any CPU
	EndGlobalSection
	GlobalSection(MonoDevelopProperties) = preSolution
		StartupItem = Vinyl\Vinyl.csproj
	EndGlobalSection
EndGlobal
